// !$*UTF8*$!
{
	archiveVersion = 1;
	classes = {
	};
	objectVersion = 50;
	objects = {

/* Begin PBXBuildFile section */
		AE8B442B247274EA0013FDF4 /* main.swift in Sources */ = {isa = PBXBuildFile; fileRef = AE8B442A247274EA0013FDF4 /* main.swift */; };
		AE8B4434247276020013FDF4 /* Command.swift in Sources */ = {isa = PBXBuildFile; fileRef = AE8B4433247276020013FDF4 /* Command.swift */; };
		AE8B4436247276410013FDF4 /* RemoteControl.swift in Sources */ = {isa = PBXBuildFile; fileRef = AE8B4435247276410013FDF4 /* RemoteControl.swift */; };
		AE8B44382472784E0013FDF4 /* CeilingFan.swift in Sources */ = {isa = PBXBuildFile; fileRef = AE8B44372472784E0013FDF4 /* CeilingFan.swift */; };
		AE8B443A247279DA0013FDF4 /* GarageDoor.swift in Sources */ = {isa = PBXBuildFile; fileRef = AE8B4439247279DA0013FDF4 /* GarageDoor.swift */; };
		AE8B443E24727CAB0013FDF4 /* Light.swift in Sources */ = {isa = PBXBuildFile; fileRef = AE8B443D24727CAB0013FDF4 /* Light.swift */; };
		AE8B444224727F830013FDF4 /* Hottub.swift in Sources */ = {isa = PBXBuildFile; fileRef = AE8B444124727F830013FDF4 /* Hottub.swift */; };
		AE8B44442472861B0013FDF4 /* Stereo.swift in Sources */ = {isa = PBXBuildFile; fileRef = AE8B44432472861B0013FDF4 /* Stereo.swift */; };
		AE8B4446247287810013FDF4 /* TV.swift in Sources */ = {isa = PBXBuildFile; fileRef = AE8B4445247287810013FDF4 /* TV.swift */; };
/* End PBXBuildFile section */

/* Begin PBXCopyFilesBuildPhase section */
		AE8B4425247274EA0013FDF4 /* CopyFiles */ = {
			isa = PBXCopyFilesBuildPhase;
			buildActionMask = 2147483647;
			dstPath = /usr/share/man/man1/;
			dstSubfolderSpec = 0;
			files = (
			);
			runOnlyForDeploymentPostprocessing = 1;
		};
/* End PBXCopyFilesBuildPhase section */

/* Begin PBXFileReference section */
		AE8B4427247274EA0013FDF4 /* 6.命令模式 */ = {isa = PBXFileReference; explicitFileType = "compiled.mach-o.executable"; includeInIndex = 0; path = "6.命令模式"; sourceTree = BUILT_PRODUCTS_DIR; };
		AE8B442A247274EA0013FDF4 /* main.swift */ = {isa = PBXFileReference; lastKnownFileType = sourcecode.swift; path = main.swift; sourceTree = "<group>"; };
		AE8B4433247276020013FDF4 /* Command.swift */ = {isa = PBXFileReference; lastKnownFileType = sourcecode.swift; path = Command.swift; sourceTree = "<group>"; };
		AE8B4435247276410013FDF4 /* RemoteControl.swift */ = {isa = PBXFileReference; lastKnownFileType = sourcecode.swift; path = RemoteControl.swift; sourceTree = "<group>"; };
		AE8B44372472784E0013FDF4 /* CeilingFan.swift */ = {isa = PBXFileReference; lastKnownFileType = sourcecode.swift; path = CeilingFan.swift; sourceTree = "<group>"; };
		AE8B4439247279DA0013FDF4 /* GarageDoor.swift */ = {isa = PBXFileReference; lastKnownFileType = sourcecode.swift; path = GarageDoor.swift; sourceTree = "<group>"; };
		AE8B443D24727CAB0013FDF4 /* Light.swift */ = {isa = PBXFileReference; lastKnownFileType = sourcecode.swift; path = Light.swift; sourceTree = "<group>"; };
		AE8B444124727F830013FDF4 /* Hottub.swift */ = {isa = PBXFileReference; lastKnownFileType = sourcecode.swift; path = Hottub.swift; sourceTree = "<group>"; };
		AE8B44432472861B0013FDF4 /* Stereo.swift */ = {isa = PBXFileReference; lastKnownFileType = sourcecode.swift; path = Stereo.swift; sourceTree = "<group>"; };
		AE8B4445247287810013FDF4 /* TV.swift */ = {isa = PBXFileReference; lastKnownFileType = sourcecode.swift; path = TV.swift; sourceTree = "<group>"; };
/* End PBXFileReference section */

/* Begin PBXFrameworksBuildPhase section */
		AE8B4424247274EA0013FDF4 /* Frameworks */ = {
			isa = PBXFrameworksBuildPhase;
			buildActionMask = 2147483647;
			files = (
			);
			runOnlyForDeploymentPostprocessing = 0;
		};
/* End PBXFrameworksBuildPhase section */

/* Begin PBXGroup section */
		AE8B441E247274EA0013FDF4 = {
			isa = PBXGroup;
			children = (
				AE8B4429247274EA0013FDF4 /* 6.命令模式 */,
				AE8B4428247274EA0013FDF4 /* Products */,
			);
			sourceTree = "<group>";
		};
		AE8B4428247274EA0013FDF4 /* Products */ = {
			isa = PBXGroup;
			children = (
				AE8B4427247274EA0013FDF4 /* 6.命令模式 */,
			);
			name = Products;
			sourceTree = "<group>";
		};
		AE8B4429247274EA0013FDF4 /* 6.命令模式 */ = {
			isa = PBXGroup;
			children = (
				AE8B44372472784E0013FDF4 /* CeilingFan.swift */,
				AE8B444124727F830013FDF4 /* Hottub.swift */,
				AE8B4433247276020013FDF4 /* Command.swift */,
				AE8B4439247279DA0013FDF4 /* GarageDoor.swift */,
				AE8B443D24727CAB0013FDF4 /* Light.swift */,
				AE8B442A247274EA0013FDF4 /* main.swift */,
				AE8B4435247276410013FDF4 /* RemoteControl.swift */,
				AE8B44432472861B0013FDF4 /* Stereo.swift */,
				AE8B4445247287810013FDF4 /* TV.swift */,
			);
			path = "6.命令模式";
			sourceTree = "<group>";
		};
/* End PBXGroup section */

/* Begin PBXNativeTarget section */
		AE8B4426247274EA0013FDF4 /* 6.命令模式 */ = {
			isa = PBXNativeTarget;
			buildConfigurationList = AE8B442E247274EA0013FDF4 /* Build configuration list for PBXNativeTarget "6.命令模式" */;
			buildPhases = (
				AE8B4423247274EA0013FDF4 /* Sources */,
				AE8B4424247274EA0013FDF4 /* Frameworks */,
				AE8B4425247274EA0013FDF4 /* CopyFiles */,
			);
			buildRules = (
			);
			dependencies = (
			);
			name = "6.命令模式";
			productName = "6.命令模式";
			productReference = AE8B4427247274EA0013FDF4 /* 6.命令模式 */;
			productType = "com.apple.product-type.tool";
		};
/* End PBXNativeTarget section */

/* Begin PBXProject section */
		AE8B441F247274EA0013FDF4 /* Project object */ = {
			isa = PBXProject;
			attributes = {
				LastSwiftUpdateCheck = 1140;
				LastUpgradeCheck = 1140;
				ORGANIZATIONNAME = NeroXie;
				TargetAttributes = {
					AE8B4426247274EA0013FDF4 = {
						CreatedOnToolsVersion = 11.4.1;
					};
				};
			};
			buildConfigurationList = AE8B4422247274EA0013FDF4 /* Build configuration list for PBXProject "6.命令模式" */;
			compatibilityVersion = "Xcode 9.3";
			developmentRegion = en;
			hasScannedForEncodings = 0;
			knownRegions = (
				en,
				Base,
			);
			mainGroup = AE8B441E247274EA0013FDF4;
			productRefGroup = AE8B4428247274EA0013FDF4 /* Products */;
			projectDirPath = "";
			projectRoot = "";
			targets = (
				AE8B4426247274EA0013FDF4 /* 6.命令模式 */,
			);
		};
/* End PBXProject section */

/* Begin PBXSourcesBuildPhase section */
		AE8B4423247274EA0013FDF4 /* Sources */ = {
			isa = PBXSourcesBuildPhase;
			buildActionMask = 2147483647;
			files = (
				AE8B442B247274EA0013FDF4 /* main.swift in Sources */,
				AE8B44442472861B0013FDF4 /* Stereo.swift in Sources */,
				AE8B4446247287810013FDF4 /* TV.swift in Sources */,
				AE8B443A247279DA0013FDF4 /* GarageDoor.swift in Sources */,
				AE8B4434247276020013FDF4 /* Command.swift in Sources */,
				AE8B4436247276410013FDF4 /* RemoteControl.swift in Sources */,
				AE8B444224727F830013FDF4 /* Hottub.swift in Sources */,
				AE8B443E24727CAB0013FDF4 /* Light.swift in Sources */,
				AE8B44382472784E0013FDF4 /* CeilingFan.swift in Sources */,
			);
			runOnlyForDeploymentPostprocessing = 0;
		};
/* End PBXSourcesBuildPhase section */

/* Begin XCBuildConfiguration section */
		AE8B442C247274EA0013FDF4 /* Debug */ = {
			isa = XCBuildConfiguration;
			buildSettings = {
				ALWAYS_SEARCH_USER_PATHS = NO;
				CLANG_ANALYZER_NONNULL = YES;
				CLANG_ANALYZER_NUMBER_OBJECT_CONVERSION = YES_AGGRESSIVE;
				CLANG_CXX_LANGUAGE_STANDARD = "gnu++14";
				CLANG_CXX_LIBRARY = "libc++";
				CLANG_ENABLE_MODULES = YES;
				CLANG_ENABLE_OBJC_ARC = YES;
				CLANG_ENABLE_OBJC_WEAK = YES;
				CLANG_WARN_BLOCK_CAPTURE_AUTORELEASING = YES;
				CLANG_WARN_BOOL_CONVERSION = YES;
				CLANG_WARN_COMMA = YES;
				CLANG_WARN_CONSTANT_CONVERSION = YES;
				CLANG_WARN_DEPRECATED_OBJC_IMPLEMENTATIONS = YES;
				CLANG_WARN_DIRECT_OBJC_ISA_USAGE = YES_ERROR;
				CLANG_WARN_DOCUMENTATION_COMMENTS = YES;
				CLANG_WARN_EMPTY_BODY = YES;
				CLANG_WARN_ENUM_CONVERSION = YES;
				CLANG_WARN_INFINITE_RECURSION = YES;
				CLANG_WARN_INT_CONVERSION = YES;
				CLANG_WARN_NON_LITERAL_NULL_CONVERSION = YES;
				CLANG_WARN_OBJC_IMPLICIT_RETAIN_SELF = YES;
				CLANG_WARN_OBJC_LITERAL_CONVERSION = YES;
				CLANG_WARN_OBJC_ROOT_CLASS = YES_ERROR;
				CLANG_WARN_RANGE_LOOP_ANALYSIS = YES;
				CLANG_WARN_STRICT_PROTOTYPES = YES;
				CLANG_WARN_SUSPICIOUS_MOVE = YES;
				CLANG_WARN_UNGUARDED_AVAILABILITY = YES_AGGRESSIVE;
				CLANG_WARN_UNREACHABLE_CODE = YES;
				CLANG_WARN__DUPLICATE_METHOD_MATCH = YES;
				COPY_PHASE_STRIP = NO;
				DEBUG_INFORMATION_FORMAT = dwarf;
				ENABLE_STRICT_OBJC_MSGSEND = YES;
				ENABLE_TESTABILITY = YES;
				GCC_C_LANGUAGE_STANDARD = gnu11;
				GCC_DYNAMIC_NO_PIC = NO;
				GCC_NO_COMMON_BLOCKS = YES;
				GCC_OPTIMIZATION_LEVEL = 0;
				GCC_PREPROCESSOR_DEFINITIONS = (
					"DEBUG=1",
					"$(inherited)",
				);
				GCC_WARN_64_TO_32_BIT_CONVERSION = YES;
				GCC_WARN_ABOUT_RETURN_TYPE = YES_ERROR;
				GCC_WARN_UNDECLARED_SELECTOR = YES;
				GCC_WARN_UNINITIALIZED_AUTOS = YES_AGGRESSIVE;
				GCC_WARN_UNUSED_FUNCTION = YES;
				GCC_WARN_UNUSED_VARIABLE = YES;
				MACOSX_DEPLOYMENT_TARGET = 10.15;
				MTL_ENABLE_DEBUG_INFO = INCLUDE_SOURCE;
				MTL_FAST_MATH = YES;
				ONLY_ACTIVE_ARCH = YES;
				SDKROOT = macosx;
				SWIFT_ACTIVE_COMPILATION_CONDITIONS = DEBUG;
				SWIFT_OPTIMIZATION_LEVEL = "-Onone";
			};
			name = Debug;
		};
		AE8B442D247274EA0013FDF4 /* Release */ = {
			isa = XCBuildConfiguration;
			buildSettings = {
				ALWAYS_SEARCH_USER_PATHS = NO;
				CLANG_ANALYZER_NONNULL = YES;
				CLANG_ANALYZER_NUMBER_OBJECT_CONVERSION = YES_AGGRESSIVE;
				CLANG_CXX_LANGUAGE_STANDARD = "gnu++14";
				CLANG_CXX_LIBRARY = "libc++";
				CLANG_ENABLE_MODULES = YES;
				CLANG_ENABLE_OBJC_ARC = YES;
				CLANG_ENABLE_OBJC_WEAK = YES;
				CLANG_WARN_BLOCK_CAPTURE_AUTORELEASING = YES;
				CLANG_WARN_BOOL_CONVERSION = YES;
				CLANG_WARN_COMMA = YES;
				CLANG_WARN_CONSTANT_CONVERSION = YES;
				CLANG_WARN_DEPRECATED_OBJC_IMPLEMENTATIONS = YES;
				CLANG_WARN_DIRECT_OBJC_ISA_USAGE = YES_ERROR;
				CLANG_WARN_DOCUMENTATION_COMMENTS = YES;
				CLANG_WARN_EMPTY_BODY = YES;
				CLANG_WARN_ENUM_CONVERSION = YES;
				CLANG_WARN_INFINITE_RECURSION = YES;
				CLANG_WARN_INT_CONVERSION = YES;
				CLANG_WARN_NON_LITERAL_NULL_CONVERSION = YES;
				CLANG_WARN_OBJC_IMPLICIT_RETAIN_SELF = YES;
				CLANG_WARN_OBJC_LITERAL_CONVERSION = YES;
				CLANG_WARN_OBJC_ROOT_CLASS = YES_ERROR;
				CLANG_WARN_RANGE_LOOP_ANALYSIS = YES;
				CLANG_WARN_STRICT_PROTOTYPES = YES;
				CLANG_WARN_SUSPICIOUS_MOVE = YES;
				CLANG_WARN_UNGUARDED_AVAILABILITY = YES_AGGRESSIVE;
				CLANG_WARN_UNREACHABLE_CODE = YES;
				CLANG_WARN__DUPLICATE_METHOD_MATCH = YES;
				COPY_PHASE_STRIP = NO;
				DEBUG_INFORMATION_FORMAT = "dwarf-with-dsym";
				ENABLE_NS_ASSERTIONS = NO;
				ENABLE_STRICT_OBJC_MSGSEND = YES;
				GCC_C_LANGUAGE_STANDARD = gnu11;
				GCC_NO_COMMON_BLOCKS = YES;
				GCC_WARN_64_TO_32_BIT_CONVERSION = YES;
				GCC_WARN_ABOUT_RETURN_TYPE = YES_ERROR;
				GCC_WARN_UNDECLARED_SELECTOR = YES;
				GCC_WARN_UNINITIALIZED_AUTOS = YES_AGGRESSIVE;
				GCC_WARN_UNUSED_FUNCTION = YES;
				GCC_WARN_UNUSED_VARIABLE = YES;
				MACOSX_DEPLOYMENT_TARGET = 10.15;
				MTL_ENABLE_DEBUG_INFO = NO;
				MTL_FAST_MATH = YES;
				SDKROOT = macosx;
				SWIFT_COMPILATION_MODE = wholemodule;
				SWIFT_OPTIMIZATION_LEVEL = "-O";
			};
			name = Release;
		};
		AE8B442F247274EA0013FDF4 /* Debug */ = {
			isa = XCBuildConfiguration;
			buildSettings = {
				CODE_SIGN_STYLE = Automatic;
				PRODUCT_NAME = "$(TARGET_NAME)";
				SWIFT_VERSION = 5.0;
			};
			name = Debug;
		};
		AE8B4430247274EA0013FDF4 /* Release */ = {
			isa = XCBuildConfiguration;
			buildSettings = {
				CODE_SIGN_STYLE = Automatic;
				PRODUCT_NAME = "$(TARGET_NAME)";
				SWIFT_VERSION = 5.0;
			};
			name = Release;
		};
/* End XCBuildConfiguration section */

/* Begin XCConfigurationList section */
		AE8B4422247274EA0013FDF4 /* Build configuration list for PBXProject "6.命令模式" */ = {
			isa = XCConfigurationList;
			buildConfigurations = (
				AE8B442C247274EA0013FDF4 /* Debug */,
				AE8B442D247274EA0013FDF4 /* Release */,
			);
			defaultConfigurationIsVisible = 0;
			defaultConfigurationName = Release;
		};
		AE8B442E247274EA0013FDF4 /* Build configuration list for PBXNativeTarget "6.命令模式" */ = {
			isa = XCConfigurationList;
			buildConfigurations = (
				AE8B442F247274EA0013FDF4 /* Debug */,
				AE8B4430247274EA0013FDF4 /* Release */,
			);
			defaultConfigurationIsVisible = 0;
			defaultConfigurationName = Release;
		};
/* End XCConfigurationList section */
	};
	rootObject = AE8B441F247274EA0013FDF4 /* Project object */;
}
